// !$*UTF8*$!
{
	archiveVersion = 1;
	classes = {
	};
	objectVersion = 55;
	objects = {

/* Begin PBXBuildFile section */
		A316EAD92705853500B3EAB1 /* SettingsTableViewController.swift in Sources */ = {isa = PBXBuildFile; fileRef = A316EAD82705853500B3EAB1 /* SettingsTableViewController.swift */; };
		A316EADB2705858000B3EAB1 /* SettingsViewControoler.swift in Sources */ = {isa = PBXBuildFile; fileRef = A316EADA2705858000B3EAB1 /* SettingsViewControoler.swift */; };
		A316EAE02705875300B3EAB1 /* TaskOptionTabbleViewController.swift in Sources */ = {isa = PBXBuildFile; fileRef = A316EADE2705875300B3EAB1 /* TaskOptionTabbleViewController.swift */; };
		A316EAE12705875300B3EAB1 /* ColorTaskTableiewController.swift in Sources */ = {isa = PBXBuildFile; fileRef = A316EADF2705875300B3EAB1 /* ColorTaskTableiewController.swift */; };
		A316EAE62705892700B3EAB1 /* HeaderOptionTableViewCell.swift in Sources */ = {isa = PBXBuildFile; fileRef = A316EAE52705892700B3EAB1 /* HeaderOptionTableViewCell.swift */; };
		A316EAE82705894A00B3EAB1 /* OptionsTableViewCell.swift in Sources */ = {isa = PBXBuildFile; fileRef = A316EAE72705894A00B3EAB1 /* OptionsTableViewCell.swift */; };
		A316EAEA2705897400B3EAB1 /* ColorTableViewCell.swift in Sources */ = {isa = PBXBuildFile; fileRef = A316EAE92705897400B3EAB1 /* ColorTableViewCell.swift */; };
		A324C392270500490021C831 /* AlertDate.swift in Sources */ = {isa = PBXBuildFile; fileRef = A324C391270500490021C831 /* AlertDate.swift */; };
		A324C39427052D610021C831 /* AlertTime.swift in Sources */ = {isa = PBXBuildFile; fileRef = A324C39327052D610021C831 /* AlertTime.swift */; };
		A324C39627052F7D0021C831 /* AlertForCellName.swift in Sources */ = {isa = PBXBuildFile; fileRef = A324C39527052F7D0021C831 /* AlertForCellName.swift */; };
		A324C398270533130021C831 /* AidKitColorViewController.swift in Sources */ = {isa = PBXBuildFile; fileRef = A324C397270533130021C831 /* AidKitColorViewController.swift */; };
		A32D1FA82706E6DD00D185F9 /* SnapKit in Frameworks */ = {isa = PBXBuildFile; productRef = A32D1FA72706E6DD00D185F9 /* SnapKit */; };
		A32D1FAA2707C07400D185F9 /* TaskModel.swift in Sources */ = {isa = PBXBuildFile; fileRef = A32D1FA92707C07400D185F9 /* TaskModel.swift */; };
		A32D1FAC27080B2F00D185F9 /* UICell.swift in Sources */ = {isa = PBXBuildFile; fileRef = A32D1FAB27080B2F00D185F9 /* UICell.swift */; };
		A33B645E26FD02540074656B /* AppDelegate.swift in Sources */ = {isa = PBXBuildFile; fileRef = A33B645D26FD02540074656B /* AppDelegate.swift */; };
		A33B646026FD02540074656B /* SceneDelegate.swift in Sources */ = {isa = PBXBuildFile; fileRef = A33B645F26FD02540074656B /* SceneDelegate.swift */; };
		A33B646226FD02540074656B /* MainTabBarController.swift in Sources */ = {isa = PBXBuildFile; fileRef = A33B646126FD02540074656B /* MainTabBarController.swift */; };
		A33B646726FD02560074656B /* Assets.xcassets in Resources */ = {isa = PBXBuildFile; fileRef = A33B646626FD02560074656B /* Assets.xcassets */; };
		A33B646A26FD02560074656B /* LaunchScreen.storyboard in Resources */ = {isa = PBXBuildFile; fileRef = A33B646826FD02560074656B /* LaunchScreen.storyboard */; };
		A33B647526FD08CC0074656B /* AidKitViewController.swift in Sources */ = {isa = PBXBuildFile; fileRef = A33B647426FD08CC0074656B /* AidKitViewController.swift */; };
		A33B647726FD08E70074656B /* JournalViewController.swift in Sources */ = {isa = PBXBuildFile; fileRef = A33B647626FD08E60074656B /* JournalViewController.swift */; };
		A342D01A26FD2FB500BF5B4E /* FSCalendar in Frameworks */ = {isa = PBXBuildFile; productRef = A342D01926FD2FB500BF5B4E /* FSCalendar */; };
		A342D02326FD721200BF5B4E /* UIStackView.swift in Sources */ = {isa = PBXBuildFile; fileRef = A342D02226FD721200BF5B4E /* UIStackView.swift */; };
		A343DE5127058A6500DCD869 /* SettingsTableViewCell.swift in Sources */ = {isa = PBXBuildFile; fileRef = A343DE5027058A6500DCD869 /* SettingsTableViewCell.swift */; };
		A350CA6E27059473009BC719 /* Realm in Frameworks */ = {isa = PBXBuildFile; productRef = A350CA6D27059473009BC719 /* Realm */; };
		A350CA7027059473009BC719 /* RealmSwift in Frameworks */ = {isa = PBXBuildFile; productRef = A350CA6F27059473009BC719 /* RealmSwift */; };
		A350CA7427059500009BC719 /* AidKitModel.swift in Sources */ = {isa = PBXBuildFile; fileRef = A350CA7327059500009BC719 /* AidKitModel.swift */; };
		A350CA77270599DA009BC719 /* RealmManager.swift in Sources */ = {isa = PBXBuildFile; fileRef = A350CA76270599DA009BC719 /* RealmManager.swift */; };
		A350CA792705AB92009BC719 /* UIColor.swift in Sources */ = {isa = PBXBuildFile; fileRef = A350CA782705AB92009BC719 /* UIColor.swift */; };
		A350CA7B2705B342009BC719 /* AlertOk.swift in Sources */ = {isa = PBXBuildFile; fileRef = A350CA7A2705B342009BC719 /* AlertOk.swift */; };
		A35EA61227040AF1003B2536 /* TaskTableViewCell.swift in Sources */ = {isa = PBXBuildFile; fileRef = A35EA61127040AF1003B2536 /* TaskTableViewCell.swift */; };
		A35EA615270414D8003B2536 /* PressButtonProtocols.swift in Sources */ = {isa = PBXBuildFile; fileRef = A35EA614270414D8003B2536 /* PressButtonProtocols.swift */; };
		A391E81A2703D1550046B740 /* AidKitTableViewCell.swift in Sources */ = {isa = PBXBuildFile; fileRef = A391E8192703D1550046B740 /* AidKitTableViewCell.swift */; };
		A391E81C2703E19E0046B740 /* UILabel.swift in Sources */ = {isa = PBXBuildFile; fileRef = A391E81B2703E19E0046B740 /* UILabel.swift */; };
		A391E81E2703E96B0046B740 /* UIFont.swift in Sources */ = {isa = PBXBuildFile; fileRef = A391E81D2703E96B0046B740 /* UIFont.swift */; };
		A39E4BCA270AA64E007E166F /* NotificationService.swift in Sources */ = {isa = PBXBuildFile; fileRef = A39E4BC9270AA64E007E166F /* NotificationService.swift */; };
		A39E4BCE270AA64E007E166F /* ServiceExtension.appex in Embed App Extensions */ = {isa = PBXBuildFile; fileRef = A39E4BC7270AA64E007E166F /* ServiceExtension.appex */; settings = {ATTRIBUTES = (RemoveHeadersOnCopy, ); }; };
		A39E4BD5270BDD6B007E166F /* UICalendar.swift in Sources */ = {isa = PBXBuildFile; fileRef = A39E4BD4270BDD6B007E166F /* UICalendar.swift */; };
		A3ADA96427042663005D1201 /* AidKitOptionTableViewController.swift in Sources */ = {isa = PBXBuildFile; fileRef = A3ADA96327042663005D1201 /* AidKitOptionTableViewController.swift */; };
/* End PBXBuildFile section */

/* Begin PBXContainerItemProxy section */
		A39E4BCC270AA64E007E166F /* PBXContainerItemProxy */ = {
			isa = PBXContainerItemProxy;
			containerPortal = A33B645226FD02540074656B /* Project object */;
			proxyType = 1;
			remoteGlobalIDString = A39E4BC6270AA64E007E166F;
			remoteInfo = ServiceExtension;
		};
/* End PBXContainerItemProxy section */

/* Begin PBXCopyFilesBuildPhase section */
		A39E4BC2270AA615007E166F /* Embed App Extensions */ = {
			isa = PBXCopyFilesBuildPhase;
			buildActionMask = 2147483647;
			dstPath = "";
			dstSubfolderSpec = 13;
			files = (
				A39E4BCE270AA64E007E166F /* ServiceExtension.appex in Embed App Extensions */,
			);
			name = "Embed App Extensions";
			runOnlyForDeploymentPostprocessing = 0;
		};
/* End PBXCopyFilesBuildPhase section */

/* Begin PBXFileReference section */
		A316EAD82705853500B3EAB1 /* SettingsTableViewController.swift */ = {isa = PBXFileReference; fileEncoding = 4; lastKnownFileType = sourcecode.swift; path = SettingsTableViewController.swift; sourceTree = "<group>"; };
		A316EADA2705858000B3EAB1 /* SettingsViewControoler.swift */ = {isa = PBXFileReference; fileEncoding = 4; lastKnownFileType = sourcecode.swift; path = SettingsViewControoler.swift; sourceTree = "<group>"; };
		A316EADE2705875300B3EAB1 /* TaskOptionTabbleViewController.swift */ = {isa = PBXFileReference; fileEncoding = 4; lastKnownFileType = sourcecode.swift; path = TaskOptionTabbleViewController.swift; sourceTree = "<group>"; };
		A316EADF2705875300B3EAB1 /* ColorTaskTableiewController.swift */ = {isa = PBXFileReference; fileEncoding = 4; lastKnownFileType = sourcecode.swift; path = ColorTaskTableiewController.swift; sourceTree = "<group>"; };
		A316EAE52705892700B3EAB1 /* HeaderOptionTableViewCell.swift */ = {isa = PBXFileReference; lastKnownFileType = sourcecode.swift; path = HeaderOptionTableViewCell.swift; sourceTree = "<group>"; };
		A316EAE72705894A00B3EAB1 /* OptionsTableViewCell.swift */ = {isa = PBXFileReference; lastKnownFileType = sourcecode.swift; path = OptionsTableViewCell.swift; sourceTree = "<group>"; };
		A316EAE92705897400B3EAB1 /* ColorTableViewCell.swift */ = {isa = PBXFileReference; lastKnownFileType = sourcecode.swift; path = ColorTableViewCell.swift; sourceTree = "<group>"; };
		A324C391270500490021C831 /* AlertDate.swift */ = {isa = PBXFileReference; lastKnownFileType = sourcecode.swift; path = AlertDate.swift; sourceTree = "<group>"; };
		A324C39327052D610021C831 /* AlertTime.swift */ = {isa = PBXFileReference; lastKnownFileType = sourcecode.swift; path = AlertTime.swift; sourceTree = "<group>"; };
		A324C39527052F7D0021C831 /* AlertForCellName.swift */ = {isa = PBXFileReference; lastKnownFileType = sourcecode.swift; path = AlertForCellName.swift; sourceTree = "<group>"; };
		A324C397270533130021C831 /* AidKitColorViewController.swift */ = {isa = PBXFileReference; lastKnownFileType = sourcecode.swift; path = AidKitColorViewController.swift; sourceTree = "<group>"; };
		A32D1FA52706E29200D185F9 /* Pillbox.entitlements */ = {isa = PBXFileReference; lastKnownFileType = text.plist.entitlements; path = Pillbox.entitlements; sourceTree = "<group>"; };
		A32D1FA92707C07400D185F9 /* TaskModel.swift */ = {isa = PBXFileReference; lastKnownFileType = sourcecode.swift; path = TaskModel.swift; sourceTree = "<group>"; };
		A32D1FAB27080B2F00D185F9 /* UICell.swift */ = {isa = PBXFileReference; lastKnownFileType = sourcecode.swift; path = UICell.swift; sourceTree = "<group>"; };
		A33B645A26FD02540074656B /* Pillbox.app */ = {isa = PBXFileReference; explicitFileType = wrapper.application; includeInIndex = 0; path = Pillbox.app; sourceTree = BUILT_PRODUCTS_DIR; };
		A33B645D26FD02540074656B /* AppDelegate.swift */ = {isa = PBXFileReference; lastKnownFileType = sourcecode.swift; path = AppDelegate.swift; sourceTree = "<group>"; };
		A33B645F26FD02540074656B /* SceneDelegate.swift */ = {isa = PBXFileReference; lastKnownFileType = sourcecode.swift; path = SceneDelegate.swift; sourceTree = "<group>"; };
		A33B646126FD02540074656B /* MainTabBarController.swift */ = {isa = PBXFileReference; lastKnownFileType = sourcecode.swift; path = MainTabBarController.swift; sourceTree = "<group>"; };
		A33B646626FD02560074656B /* Assets.xcassets */ = {isa = PBXFileReference; lastKnownFileType = folder.assetcatalog; path = Assets.xcassets; sourceTree = "<group>"; };
		A33B646926FD02560074656B /* Base */ = {isa = PBXFileReference; lastKnownFileType = file.storyboard; name = Base; path = Base.lproj/LaunchScreen.storyboard; sourceTree = "<group>"; };
		A33B646B26FD02560074656B /* Info.plist */ = {isa = PBXFileReference; lastKnownFileType = text.plist.xml; path = Info.plist; sourceTree = "<group>"; };
		A33B647426FD08CC0074656B /* AidKitViewController.swift */ = {isa = PBXFileReference; lastKnownFileType = sourcecode.swift; path = AidKitViewController.swift; sourceTree = "<group>"; };
		A33B647626FD08E60074656B /* JournalViewController.swift */ = {isa = PBXFileReference; lastKnownFileType = sourcecode.swift; path = JournalViewController.swift; sourceTree = "<group>"; };
		A342D02226FD721200BF5B4E /* UIStackView.swift */ = {isa = PBXFileReference; lastKnownFileType = sourcecode.swift; path = UIStackView.swift; sourceTree = "<group>"; };
		A343DE5027058A6500DCD869 /* SettingsTableViewCell.swift */ = {isa = PBXFileReference; fileEncoding = 4; lastKnownFileType = sourcecode.swift; path = SettingsTableViewCell.swift; sourceTree = "<group>"; };
		A350CA7327059500009BC719 /* AidKitModel.swift */ = {isa = PBXFileReference; lastKnownFileType = sourcecode.swift; path = AidKitModel.swift; sourceTree = "<group>"; };
		A350CA76270599DA009BC719 /* RealmManager.swift */ = {isa = PBXFileReference; lastKnownFileType = sourcecode.swift; path = RealmManager.swift; sourceTree = "<group>"; };
		A350CA782705AB92009BC719 /* UIColor.swift */ = {isa = PBXFileReference; lastKnownFileType = sourcecode.swift; path = UIColor.swift; sourceTree = "<group>"; };
		A350CA7A2705B342009BC719 /* AlertOk.swift */ = {isa = PBXFileReference; lastKnownFileType = sourcecode.swift; path = AlertOk.swift; sourceTree = "<group>"; };
		A35EA6102703FDE1003B2536 /* .gitignore.md */ = {isa = PBXFileReference; lastKnownFileType = net.daringfireball.markdown; path = .gitignore.md; sourceTree = "<group>"; };
		A35EA61127040AF1003B2536 /* TaskTableViewCell.swift */ = {isa = PBXFileReference; lastKnownFileType = sourcecode.swift; path = TaskTableViewCell.swift; sourceTree = "<group>"; };
		A35EA614270414D8003B2536 /* PressButtonProtocols.swift */ = {isa = PBXFileReference; lastKnownFileType = sourcecode.swift; path = PressButtonProtocols.swift; sourceTree = "<group>"; };
		A391E8192703D1550046B740 /* AidKitTableViewCell.swift */ = {isa = PBXFileReference; lastKnownFileType = sourcecode.swift; path = AidKitTableViewCell.swift; sourceTree = "<group>"; };
		A391E81B2703E19E0046B740 /* UILabel.swift */ = {isa = PBXFileReference; lastKnownFileType = sourcecode.swift; path = UILabel.swift; sourceTree = "<group>"; };
		A391E81D2703E96B0046B740 /* UIFont.swift */ = {isa = PBXFileReference; lastKnownFileType = sourcecode.swift; path = UIFont.swift; sourceTree = "<group>"; };
		A39E4BB0270AA615007E166F /* UserNotifications.framework */ = {isa = PBXFileReference; lastKnownFileType = wrapper.framework; name = UserNotifications.framework; path = System/Library/Frameworks/UserNotifications.framework; sourceTree = SDKROOT; };
		A39E4BB2270AA615007E166F /* UserNotificationsUI.framework */ = {isa = PBXFileReference; lastKnownFileType = wrapper.framework; name = UserNotificationsUI.framework; path = System/Library/Frameworks/UserNotificationsUI.framework; sourceTree = SDKROOT; };
		A39E4BB5270AA615007E166F /* NotificationViewController.swift */ = {isa = PBXFileReference; lastKnownFileType = sourcecode.swift; path = NotificationViewController.swift; sourceTree = "<group>"; };
		A39E4BB8270AA615007E166F /* Base */ = {isa = PBXFileReference; lastKnownFileType = file.storyboard; name = Base; path = Base.lproj/MainInterface.storyboard; sourceTree = "<group>"; };
		A39E4BBA270AA615007E166F /* Info.plist */ = {isa = PBXFileReference; lastKnownFileType = text.plist.xml; path = Info.plist; sourceTree = "<group>"; };
		A39E4BBE270AA615007E166F /* ServiceExtension.entitlements */ = {isa = PBXFileReference; lastKnownFileType = text.plist.entitlements; path = ServiceExtension.entitlements; sourceTree = "<group>"; };
		A39E4BC7270AA64E007E166F /* ServiceExtension.appex */ = {isa = PBXFileReference; explicitFileType = "wrapper.app-extension"; includeInIndex = 0; path = ServiceExtension.appex; sourceTree = BUILT_PRODUCTS_DIR; };
		A39E4BC9270AA64E007E166F /* NotificationService.swift */ = {isa = PBXFileReference; lastKnownFileType = sourcecode.swift; path = NotificationService.swift; sourceTree = "<group>"; };
		A39E4BCB270AA64E007E166F /* Info.plist */ = {isa = PBXFileReference; lastKnownFileType = text.plist.xml; path = Info.plist; sourceTree = "<group>"; };
		A39E4BD4270BDD6B007E166F /* UICalendar.swift */ = {isa = PBXFileReference; lastKnownFileType = sourcecode.swift; path = UICalendar.swift; sourceTree = "<group>"; };
		A3ADA96327042663005D1201 /* AidKitOptionTableViewController.swift */ = {isa = PBXFileReference; lastKnownFileType = sourcecode.swift; path = AidKitOptionTableViewController.swift; sourceTree = "<group>"; };
/* End PBXFileReference section */

/* Begin PBXFrameworksBuildPhase section */
		A33B645726FD02540074656B /* Frameworks */ = {
			isa = PBXFrameworksBuildPhase;
			buildActionMask = 2147483647;
			files = (
				A350CA7027059473009BC719 /* RealmSwift in Frameworks */,
				A32D1FA82706E6DD00D185F9 /* SnapKit in Frameworks */,
				A350CA6E27059473009BC719 /* Realm in Frameworks */,
				A342D01A26FD2FB500BF5B4E /* FSCalendar in Frameworks */,
			);
			runOnlyForDeploymentPostprocessing = 0;
		};
		A39E4BC4270AA64E007E166F /* Frameworks */ = {
			isa = PBXFrameworksBuildPhase;
			buildActionMask = 2147483647;
			files = (
			);
			runOnlyForDeploymentPostprocessing = 0;
		};
/* End PBXFrameworksBuildPhase section */

/* Begin PBXGroup section */
		A33B645126FD02540074656B = {
			isa = PBXGroup;
			children = (
				A35EA6102703FDE1003B2536 /* .gitignore.md */,
				A33B645C26FD02540074656B /* Pillbox */,
				A39E4BB4270AA615007E166F /* ServiceExtension */,
				A39E4BC8270AA64E007E166F /* ServiceExtension */,
				A39E4BAF270AA615007E166F /* Frameworks */,
				A33B645B26FD02540074656B /* Products */,
			);
			sourceTree = "<group>";
		};
		A33B645B26FD02540074656B /* Products */ = {
			isa = PBXGroup;
			children = (
				A33B645A26FD02540074656B /* Pillbox.app */,
				A39E4BC7270AA64E007E166F /* ServiceExtension.appex */,
			);
			name = Products;
			sourceTree = "<group>";
		};
		A33B645C26FD02540074656B /* Pillbox */ = {
			isa = PBXGroup;
			children = (
				A33B647126FD046A0074656B /* Apllication */,
				A33B647226FD048E0074656B /* Controllers */,
				A342D02026FD71EA00BF5B4E /* Extensions */,
				A342D01B26FD62F000BF5B4E /* Models */,
				A350CA75270599B6009BC719 /* Services */,
				A33B647326FD04BB0074656B /* Resources */,
			);
			path = Pillbox;
			sourceTree = "<group>";
		};
		A33B647126FD046A0074656B /* Apllication */ = {
			isa = PBXGroup;
			children = (
				A33B645D26FD02540074656B /* AppDelegate.swift */,
				A33B645F26FD02540074656B /* SceneDelegate.swift */,
			);
			path = Apllication;
			sourceTree = "<group>";
		};
		A33B647226FD048E0074656B /* Controllers */ = {
			isa = PBXGroup;
			children = (
				A33B646126FD02540074656B /* MainTabBarController.swift */,
				A3ADA9652704267E005D1201 /* Schedule */,
				A3ADA966270426AA005D1201 /* Tasks */,
				A3ADA967270426BE005D1201 /* Settings */,
			);
			path = Controllers;
			sourceTree = "<group>";
		};
		A33B647326FD04BB0074656B /* Resources */ = {
			isa = PBXGroup;
			children = (
				A32D1FA52706E29200D185F9 /* Pillbox.entitlements */,
				A33B646626FD02560074656B /* Assets.xcassets */,
				A33B646826FD02560074656B /* LaunchScreen.storyboard */,
				A33B646B26FD02560074656B /* Info.plist */,
			);
			path = Resources;
			sourceTree = "<group>";
		};
		A342D01B26FD62F000BF5B4E /* Models */ = {
			isa = PBXGroup;
			children = (
				A350CA71270594E5009BC719 /* Realm */,
				A3ADA96F270444BD005D1201 /* Alert */,
				A342D01C26FD631800BF5B4E /* Cell */,
			);
			path = Models;
			sourceTree = "<group>";
		};
		A342D01C26FD631800BF5B4E /* Cell */ = {
			isa = PBXGroup;
			children = (
				A3ADA96827042D52005D1201 /* Schedule */,
				A3ADA96927042D64005D1201 /* Tasks */,
				A3ADA96A27042D77005D1201 /* Settings */,
				A316EAE52705892700B3EAB1 /* HeaderOptionTableViewCell.swift */,
				A316EAE92705897400B3EAB1 /* ColorTableViewCell.swift */,
				A316EAE72705894A00B3EAB1 /* OptionsTableViewCell.swift */,
			);
			path = Cell;
			sourceTree = "<group>";
		};
		A342D02026FD71EA00BF5B4E /* Extensions */ = {
			isa = PBXGroup;
			children = (
				A35EA6132704149C003B2536 /* Protocols */,
				A342D02126FD71F500BF5B4E /* UIKit */,
			);
			path = Extensions;
			sourceTree = "<group>";
		};
		A342D02126FD71F500BF5B4E /* UIKit */ = {
			isa = PBXGroup;
			children = (
				A342D02226FD721200BF5B4E /* UIStackView.swift */,
				A391E81B2703E19E0046B740 /* UILabel.swift */,
				A391E81D2703E96B0046B740 /* UIFont.swift */,
				A350CA782705AB92009BC719 /* UIColor.swift */,
				A32D1FAB27080B2F00D185F9 /* UICell.swift */,
				A39E4BD4270BDD6B007E166F /* UICalendar.swift */,
			);
			path = UIKit;
			sourceTree = "<group>";
		};
		A350CA71270594E5009BC719 /* Realm */ = {
			isa = PBXGroup;
			children = (
				A350CA7327059500009BC719 /* AidKitModel.swift */,
				A32D1FA92707C07400D185F9 /* TaskModel.swift */,
			);
			path = Realm;
			sourceTree = "<group>";
		};
		A350CA75270599B6009BC719 /* Services */ = {
			isa = PBXGroup;
			children = (
				A350CA76270599DA009BC719 /* RealmManager.swift */,
			);
			path = Services;
			sourceTree = "<group>";
		};
		A35EA6132704149C003B2536 /* Protocols */ = {
			isa = PBXGroup;
			children = (
				A35EA614270414D8003B2536 /* PressButtonProtocols.swift */,
			);
			path = Protocols;
			sourceTree = "<group>";
		};
		A39E4BAF270AA615007E166F /* Frameworks */ = {
			isa = PBXGroup;
			children = (
				A39E4BB0270AA615007E166F /* UserNotifications.framework */,
				A39E4BB2270AA615007E166F /* UserNotificationsUI.framework */,
			);
			name = Frameworks;
			sourceTree = "<group>";
		};
		A39E4BB4270AA615007E166F /* ServiceExtension */ = {
			isa = PBXGroup;
			children = (
				A39E4BBE270AA615007E166F /* ServiceExtension.entitlements */,
				A39E4BB5270AA615007E166F /* NotificationViewController.swift */,
				A39E4BB7270AA615007E166F /* MainInterface.storyboard */,
				A39E4BBA270AA615007E166F /* Info.plist */,
			);
			path = ServiceExtension;
			sourceTree = "<group>";
		};
		A39E4BC8270AA64E007E166F /* ServiceExtension */ = {
			isa = PBXGroup;
			children = (
				A39E4BC9270AA64E007E166F /* NotificationService.swift */,
				A39E4BCB270AA64E007E166F /* Info.plist */,
			);
			path = ServiceExtension;
			sourceTree = "<group>";
		};
		A3ADA9652704267E005D1201 /* Schedule */ = {
			isa = PBXGroup;
			children = (
				A33B647426FD08CC0074656B /* AidKitViewController.swift */,
				A3ADA96327042663005D1201 /* AidKitOptionTableViewController.swift */,
				A324C397270533130021C831 /* AidKitColorViewController.swift */,
			);
			path = Schedule;
			sourceTree = "<group>";
		};
		A3ADA966270426AA005D1201 /* Tasks */ = {
			isa = PBXGroup;
			children = (
				A33B647626FD08E60074656B /* JournalViewController.swift */,
				A316EADE2705875300B3EAB1 /* TaskOptionTabbleViewController.swift */,
				A316EADF2705875300B3EAB1 /* ColorTaskTableiewController.swift */,
			);
			path = Tasks;
			sourceTree = "<group>";
		};
		A3ADA967270426BE005D1201 /* Settings */ = {
			isa = PBXGroup;
			children = (
				A316EADA2705858000B3EAB1 /* SettingsViewControoler.swift */,
				A316EAD82705853500B3EAB1 /* SettingsTableViewController.swift */,
			);
			path = Settings;
			sourceTree = "<group>";
		};
		A3ADA96827042D52005D1201 /* Schedule */ = {
			isa = PBXGroup;
			children = (
				A391E8192703D1550046B740 /* AidKitTableViewCell.swift */,
			);
			path = Schedule;
			sourceTree = "<group>";
		};
		A3ADA96927042D64005D1201 /* Tasks */ = {
			isa = PBXGroup;
			children = (
				A35EA61127040AF1003B2536 /* TaskTableViewCell.swift */,
			);
			path = Tasks;
			sourceTree = "<group>";
		};
		A3ADA96A27042D77005D1201 /* Settings */ = {
			isa = PBXGroup;
			children = (
				A343DE5027058A6500DCD869 /* SettingsTableViewCell.swift */,
			);
			path = Settings;
			sourceTree = "<group>";
		};
		A3ADA96F270444BD005D1201 /* Alert */ = {
			isa = PBXGroup;
			children = (
				A324C391270500490021C831 /* AlertDate.swift */,
				A324C39327052D610021C831 /* AlertTime.swift */,
				A324C39527052F7D0021C831 /* AlertForCellName.swift */,
				A350CA7A2705B342009BC719 /* AlertOk.swift */,
			);
			path = Alert;
			sourceTree = "<group>";
		};
/* End PBXGroup section */

/* Begin PBXNativeTarget section */
		A33B645926FD02540074656B /* Pillbox */ = {
			isa = PBXNativeTarget;
			buildConfigurationList = A33B646E26FD02560074656B /* Build configuration list for PBXNativeTarget "Pillbox" */;
			buildPhases = (
				A33B645626FD02540074656B /* Sources */,
				A33B645726FD02540074656B /* Frameworks */,
				A33B645826FD02540074656B /* Resources */,
				A39E4BC2270AA615007E166F /* Embed App Extensions */,
			);
			buildRules = (
			);
			dependencies = (
				A39E4BCD270AA64E007E166F /* PBXTargetDependency */,
			);
			name = Pillbox;
			packageProductDependencies = (
				A342D01926FD2FB500BF5B4E /* FSCalendar */,
				A350CA6D27059473009BC719 /* Realm */,
				A350CA6F27059473009BC719 /* RealmSwift */,
				A32D1FA72706E6DD00D185F9 /* SnapKit */,
			);
			productName = Pillbox;
			productReference = A33B645A26FD02540074656B /* Pillbox.app */;
			productType = "com.apple.product-type.application";
		};
		A39E4BC6270AA64E007E166F /* ServiceExtension */ = {
			isa = PBXNativeTarget;
			buildConfigurationList = A39E4BCF270AA64E007E166F /* Build configuration list for PBXNativeTarget "ServiceExtension" */;
			buildPhases = (
				A39E4BC3270AA64E007E166F /* Sources */,
				A39E4BC4270AA64E007E166F /* Frameworks */,
				A39E4BC5270AA64E007E166F /* Resources */,
			);
			buildRules = (
			);
			dependencies = (
			);
			name = ServiceExtension;
			productName = ServiceExtension;
			productReference = A39E4BC7270AA64E007E166F /* ServiceExtension.appex */;
			productType = "com.apple.product-type.app-extension";
		};
/* End PBXNativeTarget section */

/* Begin PBXProject section */
		A33B645226FD02540074656B /* Project object */ = {
			isa = PBXProject;
			attributes = {
				BuildIndependentTargetsInParallel = 1;
				LastSwiftUpdateCheck = 1300;
				LastUpgradeCheck = 1300;
				TargetAttributes = {
					A33B645926FD02540074656B = {
						CreatedOnToolsVersion = 13.0;
					};
					A39E4BC6270AA64E007E166F = {
						CreatedOnToolsVersion = 13.0;
					};
				};
			};
			buildConfigurationList = A33B645526FD02540074656B /* Build configuration list for PBXProject "Pillbox" */;
			compatibilityVersion = "Xcode 13.0";
			developmentRegion = en;
			hasScannedForEncodings = 0;
			knownRegions = (
				en,
				Base,
			);
			mainGroup = A33B645126FD02540074656B;
			packageReferences = (
				A342D01826FD2FB500BF5B4E /* XCRemoteSwiftPackageReference "FSCalendar" */,
				A350CA6C27059473009BC719 /* XCRemoteSwiftPackageReference "realm-cocoa" */,
				A32D1FA62706E6DD00D185F9 /* XCRemoteSwiftPackageReference "SnapKit" */,
			);
			productRefGroup = A33B645B26FD02540074656B /* Products */;
			projectDirPath = "";
			projectRoot = "";
			targets = (
				A33B645926FD02540074656B /* Pillbox */,
				A39E4BC6270AA64E007E166F /* ServiceExtension */,
			);
		};
/* End PBXProject section */

/* Begin PBXResourcesBuildPhase section */
		A33B645826FD02540074656B /* Resources */ = {
			isa = PBXResourcesBuildPhase;
			buildActionMask = 2147483647;
			files = (
				A33B646A26FD02560074656B /* LaunchScreen.storyboard in Resources */,
				A33B646726FD02560074656B /* Assets.xcassets in Resources */,
			);
			runOnlyForDeploymentPostprocessing = 0;
		};
		A39E4BC5270AA64E007E166F /* Resources */ = {
			isa = PBXResourcesBuildPhase;
			buildActionMask = 2147483647;
			files = (
			);
			runOnlyForDeploymentPostprocessing = 0;
		};
/* End PBXResourcesBuildPhase section */

/* Begin PBXSourcesBuildPhase section */
		A33B645626FD02540074656B /* Sources */ = {
			isa = PBXSourcesBuildPhase;
			buildActionMask = 2147483647;
			files = (
				A324C392270500490021C831 /* AlertDate.swift in Sources */,
				A350CA792705AB92009BC719 /* UIColor.swift in Sources */,
				A33B646226FD02540074656B /* MainTabBarController.swift in Sources */,
				A33B645E26FD02540074656B /* AppDelegate.swift in Sources */,
				A35EA61227040AF1003B2536 /* TaskTableViewCell.swift in Sources */,
				A391E81A2703D1550046B740 /* AidKitTableViewCell.swift in Sources */,
				A39E4BD5270BDD6B007E166F /* UICalendar.swift in Sources */,
				A316EAEA2705897400B3EAB1 /* ColorTableViewCell.swift in Sources */,
				A316EAE02705875300B3EAB1 /* TaskOptionTabbleViewController.swift in Sources */,
				A324C39627052F7D0021C831 /* AlertForCellName.swift in Sources */,
				A391E81C2703E19E0046B740 /* UILabel.swift in Sources */,
				A342D02326FD721200BF5B4E /* UIStackView.swift in Sources */,
				A32D1FAA2707C07400D185F9 /* TaskModel.swift in Sources */,
				A324C39427052D610021C831 /* AlertTime.swift in Sources */,
				A33B646026FD02540074656B /* SceneDelegate.swift in Sources */,
				A316EADB2705858000B3EAB1 /* SettingsViewControoler.swift in Sources */,
				A350CA77270599DA009BC719 /* RealmManager.swift in Sources */,
				A350CA7B2705B342009BC719 /* AlertOk.swift in Sources */,
				A33B647726FD08E70074656B /* JournalViewController.swift in Sources */,
				A391E81E2703E96B0046B740 /* UIFont.swift in Sources */,
				A350CA7427059500009BC719 /* AidKitModel.swift in Sources */,
				A33B647526FD08CC0074656B /* AidKitViewController.swift in Sources */,
				A343DE5127058A6500DCD869 /* SettingsTableViewCell.swift in Sources */,
				A32D1FAC27080B2F00D185F9 /* UICell.swift in Sources */,
				A316EAE12705875300B3EAB1 /* ColorTaskTableiewController.swift in Sources */,
				A35EA615270414D8003B2536 /* PressButtonProtocols.swift in Sources */,
				A316EAE82705894A00B3EAB1 /* OptionsTableViewCell.swift in Sources */,
				A324C398270533130021C831 /* AidKitColorViewController.swift in Sources */,
				A3ADA96427042663005D1201 /* AidKitOptionTableViewController.swift in Sources */,
				A316EAD92705853500B3EAB1 /* SettingsTableViewController.swift in Sources */,
				A316EAE62705892700B3EAB1 /* HeaderOptionTableViewCell.swift in Sources */,
			);
			runOnlyForDeploymentPostprocessing = 0;
		};
		A39E4BC3270AA64E007E166F /* Sources */ = {
			isa = PBXSourcesBuildPhase;
			buildActionMask = 2147483647;
			files = (
				A39E4BCA270AA64E007E166F /* NotificationService.swift in Sources */,
			);
			runOnlyForDeploymentPostprocessing = 0;
		};
/* End PBXSourcesBuildPhase section */

/* Begin PBXTargetDependency section */
		A39E4BCD270AA64E007E166F /* PBXTargetDependency */ = {
			isa = PBXTargetDependency;
			target = A39E4BC6270AA64E007E166F /* ServiceExtension */;
			targetProxy = A39E4BCC270AA64E007E166F /* PBXContainerItemProxy */;
		};
/* End PBXTargetDependency section */

/* Begin PBXVariantGroup section */
		A33B646826FD02560074656B /* LaunchScreen.storyboard */ = {
			isa = PBXVariantGroup;
			children = (
				A33B646926FD02560074656B /* Base */,
			);
			name = LaunchScreen.storyboard;
			sourceTree = "<group>";
		};
		A39E4BB7270AA615007E166F /* MainInterface.storyboard */ = {
			isa = PBXVariantGroup;
			children = (
				A39E4BB8270AA615007E166F /* Base */,
			);
			name = MainInterface.storyboard;
			sourceTree = "<group>";
		};
/* End PBXVariantGroup section */

/* Begin XCBuildConfiguration section */
		A33B646C26FD02560074656B /* Debug */ = {
			isa = XCBuildConfiguration;
			buildSettings = {
				ALWAYS_SEARCH_USER_PATHS = NO;
				CLANG_ANALYZER_NONNULL = YES;
				CLANG_ANALYZER_NUMBER_OBJECT_CONVERSION = YES_AGGRESSIVE;
				CLANG_CXX_LANGUAGE_STANDARD = "gnu++17";
				CLANG_CXX_LIBRARY = "libc++";
				CLANG_ENABLE_MODULES = YES;
				CLANG_ENABLE_OBJC_ARC = YES;
				CLANG_ENABLE_OBJC_WEAK = YES;
				CLANG_WARN_BLOCK_CAPTURE_AUTORELEASING = YES;
				CLANG_WARN_BOOL_CONVERSION = YES;
				CLANG_WARN_COMMA = YES;
				CLANG_WARN_CONSTANT_CONVERSION = YES;
				CLANG_WARN_DEPRECATED_OBJC_IMPLEMENTATIONS = YES;
				CLANG_WARN_DIRECT_OBJC_ISA_USAGE = YES_ERROR;
				CLANG_WARN_DOCUMENTATION_COMMENTS = YES;
				CLANG_WARN_EMPTY_BODY = YES;
				CLANG_WARN_ENUM_CONVERSION = YES;
				CLANG_WARN_INFINITE_RECURSION = YES;
				CLANG_WARN_INT_CONVERSION = YES;
				CLANG_WARN_NON_LITERAL_NULL_CONVERSION = YES;
				CLANG_WARN_OBJC_IMPLICIT_RETAIN_SELF = YES;
				CLANG_WARN_OBJC_LITERAL_CONVERSION = YES;
				CLANG_WARN_OBJC_ROOT_CLASS = YES_ERROR;
				CLANG_WARN_QUOTED_INCLUDE_IN_FRAMEWORK_HEADER = YES;
				CLANG_WARN_RANGE_LOOP_ANALYSIS = YES;
				CLANG_WARN_STRICT_PROTOTYPES = YES;
				CLANG_WARN_SUSPICIOUS_MOVE = YES;
				CLANG_WARN_UNGUARDED_AVAILABILITY = YES_AGGRESSIVE;
				CLANG_WARN_UNREACHABLE_CODE = YES;
				CLANG_WARN__DUPLICATE_METHOD_MATCH = YES;
				COPY_PHASE_STRIP = NO;
				DEBUG_INFORMATION_FORMAT = dwarf;
				ENABLE_STRICT_OBJC_MSGSEND = YES;
				ENABLE_TESTABILITY = YES;
				GCC_C_LANGUAGE_STANDARD = gnu11;
				GCC_DYNAMIC_NO_PIC = NO;
				GCC_NO_COMMON_BLOCKS = YES;
				GCC_OPTIMIZATION_LEVEL = 0;
				GCC_PREPROCESSOR_DEFINITIONS = (
					"DEBUG=1",
					"$(inherited)",
				);
				GCC_WARN_64_TO_32_BIT_CONVERSION = YES;
				GCC_WARN_ABOUT_RETURN_TYPE = YES_ERROR;
				GCC_WARN_UNDECLARED_SELECTOR = YES;
				GCC_WARN_UNINITIALIZED_AUTOS = YES_AGGRESSIVE;
				GCC_WARN_UNUSED_FUNCTION = YES;
				GCC_WARN_UNUSED_VARIABLE = YES;
				IPHONEOS_DEPLOYMENT_TARGET = 14.0;
				MTL_ENABLE_DEBUG_INFO = INCLUDE_SOURCE;
				MTL_FAST_MATH = YES;
				ONLY_ACTIVE_ARCH = YES;
				SDKROOT = iphoneos;
				SWIFT_ACTIVE_COMPILATION_CONDITIONS = DEBUG;
				SWIFT_OPTIMIZATION_LEVEL = "-Onone";
			};
			name = Debug;
		};
		A33B646D26FD02560074656B /* Release */ = {
			isa = XCBuildConfiguration;
			buildSettings = {
				ALWAYS_SEARCH_USER_PATHS = NO;
				CLANG_ANALYZER_NONNULL = YES;
				CLANG_ANALYZER_NUMBER_OBJECT_CONVERSION = YES_AGGRESSIVE;
				CLANG_CXX_LANGUAGE_STANDARD = "gnu++17";
				CLANG_CXX_LIBRARY = "libc++";
				CLANG_ENABLE_MODULES = YES;
				CLANG_ENABLE_OBJC_ARC = YES;
				CLANG_ENABLE_OBJC_WEAK = YES;
				CLANG_WARN_BLOCK_CAPTURE_AUTORELEASING = YES;
				CLANG_WARN_BOOL_CONVERSION = YES;
				CLANG_WARN_COMMA = YES;
				CLANG_WARN_CONSTANT_CONVERSION = YES;
				CLANG_WARN_DEPRECATED_OBJC_IMPLEMENTATIONS = YES;
				CLANG_WARN_DIRECT_OBJC_ISA_USAGE = YES_ERROR;
				CLANG_WARN_DOCUMENTATION_COMMENTS = YES;
				CLANG_WARN_EMPTY_BODY = YES;
				CLANG_WARN_ENUM_CONVERSION = YES;
				CLANG_WARN_INFINITE_RECURSION = YES;
				CLANG_WARN_INT_CONVERSION = YES;
				CLANG_WARN_NON_LITERAL_NULL_CONVERSION = YES;
				CLANG_WARN_OBJC_IMPLICIT_RETAIN_SELF = YES;
				CLANG_WARN_OBJC_LITERAL_CONVERSION = YES;
				CLANG_WARN_OBJC_ROOT_CLASS = YES_ERROR;
				CLANG_WARN_QUOTED_INCLUDE_IN_FRAMEWORK_HEADER = YES;
				CLANG_WARN_RANGE_LOOP_ANALYSIS = YES;
				CLANG_WARN_STRICT_PROTOTYPES = YES;
				CLANG_WARN_SUSPICIOUS_MOVE = YES;
				CLANG_WARN_UNGUARDED_AVAILABILITY = YES_AGGRESSIVE;
				CLANG_WARN_UNREACHABLE_CODE = YES;
				CLANG_WARN__DUPLICATE_METHOD_MATCH = YES;
				COPY_PHASE_STRIP = NO;
				DEBUG_INFORMATION_FORMAT = "dwarf-with-dsym";
				ENABLE_NS_ASSERTIONS = NO;
				ENABLE_STRICT_OBJC_MSGSEND = YES;
				ENABLE_TESTABILITY = NO;
				GCC_C_LANGUAGE_STANDARD = gnu11;
				GCC_NO_COMMON_BLOCKS = YES;
				GCC_WARN_64_TO_32_BIT_CONVERSION = YES;
				GCC_WARN_ABOUT_RETURN_TYPE = YES_ERROR;
				GCC_WARN_UNDECLARED_SELECTOR = YES;
				GCC_WARN_UNINITIALIZED_AUTOS = YES_AGGRESSIVE;
				GCC_WARN_UNUSED_FUNCTION = YES;
				GCC_WARN_UNUSED_VARIABLE = YES;
				IPHONEOS_DEPLOYMENT_TARGET = 14.0;
				MTL_ENABLE_DEBUG_INFO = NO;
				MTL_FAST_MATH = YES;
				ONLY_ACTIVE_ARCH = YES;
				SDKROOT = iphoneos;
				SWIFT_COMPILATION_MODE = wholemodule;
				SWIFT_OPTIMIZATION_LEVEL = "-O";
				VALIDATE_PRODUCT = YES;
			};
			name = Release;
		};
		A33B646F26FD02560074656B /* Debug */ = {
			isa = XCBuildConfiguration;
			buildSettings = {
				ALWAYS_EMBED_SWIFT_STANDARD_LIBRARIES = YES;
				ASSETCATALOG_COMPILER_APPICON_NAME = AppIcon;
				ASSETCATALOG_COMPILER_GLOBAL_ACCENT_COLOR_NAME = AccentColor;
				CODE_SIGN_ENTITLEMENTS = Pillbox/Resources/Pillbox.entitlements;
				CODE_SIGN_STYLE = Automatic;
				CURRENT_PROJECT_VERSION = 4;
				DEVELOPMENT_TEAM = 6S7VJYCU8F;
				GENERATE_INFOPLIST_FILE = YES;
				INFOPLIST_FILE = Pillbox/Resources/Info.plist;
				INFOPLIST_KEY_UIApplicationSupportsIndirectInputEvents = YES;
				INFOPLIST_KEY_UILaunchStoryboardName = LaunchScreen;
				INFOPLIST_KEY_UISupportedInterfaceOrientations = UIInterfaceOrientationPortrait;
				INFOPLIST_KEY_UISupportedInterfaceOrientations_iPad = "UIInterfaceOrientationPortrait UIInterfaceOrientationPortraitUpsideDown UIInterfaceOrientationLandscapeLeft UIInterfaceOrientationLandscapeRight";
				INFOPLIST_KEY_UISupportedInterfaceOrientations_iPhone = "UIInterfaceOrientationPortrait UIInterfaceOrientationLandscapeLeft UIInterfaceOrientationLandscapeRight";
				IPHONEOS_DEPLOYMENT_TARGET = 15.0;
				LD_RUNPATH_SEARCH_PATHS = (
					"$(inherited)",
					"@executable_path/Frameworks",
				);
				MARKETING_VERSION = 0.2.0;
				PRODUCT_BUNDLE_IDENTIFIER = RayenD.Pillbox;
				PRODUCT_NAME = "$(TARGET_NAME)";
				SUPPORTS_MACCATALYST = YES;
				SWIFT_EMIT_LOC_STRINGS = YES;
				SWIFT_VERSION = 5.0;
				TARGETED_DEVICE_FAMILY = "1,2";
			};
			name = Debug;
		};
		A33B647026FD02560074656B /* Release */ = {
			isa = XCBuildConfiguration;
			buildSettings = {
				ALWAYS_EMBED_SWIFT_STANDARD_LIBRARIES = YES;
				ASSETCATALOG_COMPILER_APPICON_NAME = AppIcon;
				ASSETCATALOG_COMPILER_GLOBAL_ACCENT_COLOR_NAME = AccentColor;
				CODE_SIGN_ENTITLEMENTS = Pillbox/Resources/Pillbox.entitlements;
				CODE_SIGN_STYLE = Automatic;
				CURRENT_PROJECT_VERSION = 4;
				DEVELOPMENT_TEAM = 6S7VJYCU8F;
				GENERATE_INFOPLIST_FILE = YES;
				INFOPLIST_FILE = Pillbox/Resources/Info.plist;
				INFOPLIST_KEY_UIApplicationSupportsIndirectInputEvents = YES;
				INFOPLIST_KEY_UILaunchStoryboardName = LaunchScreen;
				INFOPLIST_KEY_UISupportedInterfaceOrientations = UIInterfaceOrientationPortrait;
				INFOPLIST_KEY_UISupportedInterfaceOrientations_iPad = "UIInterfaceOrientationPortrait UIInterfaceOrientationPortraitUpsideDown UIInterfaceOrientationLandscapeLeft UIInterfaceOrientationLandscapeRight";
				INFOPLIST_KEY_UISupportedInterfaceOrientations_iPhone = "UIInterfaceOrientationPortrait UIInterfaceOrientationLandscapeLeft UIInterfaceOrientationLandscapeRight";
				IPHONEOS_DEPLOYMENT_TARGET = 15.0;
				LD_RUNPATH_SEARCH_PATHS = (
					"$(inherited)",
					"@executable_path/Frameworks",
				);
				MARKETING_VERSION = 0.2.0;
				PRODUCT_BUNDLE_IDENTIFIER = RayenD.Pillbox;
				PRODUCT_NAME = "$(TARGET_NAME)";
				SUPPORTS_MACCATALYST = YES;
				SWIFT_EMIT_LOC_STRINGS = YES;
				SWIFT_VERSION = 5.0;
				TARGETED_DEVICE_FAMILY = "1,2";
			};
			name = Release;
		};
		A39E4BD0270AA64E007E166F /* Debug */ = {
			isa = XCBuildConfiguration;
			buildSettings = {
				CODE_SIGN_ENTITLEMENTS = ServiceExtension/ServiceExtension.entitlements;
				CODE_SIGN_STYLE = Automatic;
				CURRENT_PROJECT_VERSION = 1;
				DEVELOPMENT_TEAM = 6S7VJYCU8F;
				GENERATE_INFOPLIST_FILE = YES;
				INFOPLIST_FILE = ServiceExtension/Info.plist;
				INFOPLIST_KEY_CFBundleDisplayName = ServiceExtension;
				INFOPLIST_KEY_NSHumanReadableCopyright = "";
				IPHONEOS_DEPLOYMENT_TARGET = 15.0;
				LD_RUNPATH_SEARCH_PATHS = (
					"$(inherited)",
					"@executable_path/Frameworks",
					"@executable_path/../../Frameworks",
				);
				MARKETING_VERSION = 1.0;
				PRODUCT_BUNDLE_IDENTIFIER = RayenD.Pillbox.ServiceExtension;
				PRODUCT_NAME = "$(TARGET_NAME)";
				SKIP_INSTALL = YES;
				SUPPORTS_MACCATALYST = YES;
				SWIFT_EMIT_LOC_STRINGS = YES;
				SWIFT_VERSION = 5.0;
				TARGETED_DEVICE_FAMILY = "1,2";
			};
			name = Debug;
		};
		A39E4BD1270AA64E007E166F /* Release */ = {
			isa = XCBuildConfiguration;
			buildSettings = {
				CODE_SIGN_ENTITLEMENTS = ServiceExtension/ServiceExtension.entitlements;
				CODE_SIGN_STYLE = Automatic;
				CURRENT_PROJECT_VERSION = 1;
				DEVELOPMENT_TEAM = 6S7VJYCU8F;
				GENERATE_INFOPLIST_FILE = YES;
				INFOPLIST_FILE = ServiceExtension/Info.plist;
				INFOPLIST_KEY_CFBundleDisplayName = ServiceExtension;
				INFOPLIST_KEY_NSHumanReadableCopyright = "";
				IPHONEOS_DEPLOYMENT_TARGET = 15.0;
				LD_RUNPATH_SEARCH_PATHS = (
					"$(inherited)",
					"@executable_path/Frameworks",
					"@executable_path/../../Frameworks",
				);
				MARKETING_VERSION = 1.0;
				PRODUCT_BUNDLE_IDENTIFIER = RayenD.Pillbox.ServiceExtension;
				PRODUCT_NAME = "$(TARGET_NAME)";
				SKIP_INSTALL = YES;
				SUPPORTS_MACCATALYST = YES;
				SWIFT_EMIT_LOC_STRINGS = YES;
				SWIFT_VERSION = 5.0;
				TARGETED_DEVICE_FAMILY = "1,2";
			};
			name = Release;
		};
/* End XCBuildConfiguration section */

/* Begin XCConfigurationList section */
		A33B645526FD02540074656B /* Build configuration list for PBXProject "Pillbox" */ = {
			isa = XCConfigurationList;
			buildConfigurations = (
				A33B646C26FD02560074656B /* Debug */,
				A33B646D26FD02560074656B /* Release */,
			);
			defaultConfigurationIsVisible = 0;
			defaultConfigurationName = Release;
		};
		A33B646E26FD02560074656B /* Build configuration list for PBXNativeTarget "Pillbox" */ = {
			isa = XCConfigurationList;
			buildConfigurations = (
				A33B646F26FD02560074656B /* Debug */,
				A33B647026FD02560074656B /* Release */,
			);
			defaultConfigurationIsVisible = 0;
			defaultConfigurationName = Release;
		};
		A39E4BCF270AA64E007E166F /* Build configuration list for PBXNativeTarget "ServiceExtension" */ = {
			isa = XCConfigurationList;
			buildConfigurations = (
				A39E4BD0270AA64E007E166F /* Debug */,
				A39E4BD1270AA64E007E166F /* Release */,
			);
			defaultConfigurationIsVisible = 0;
			defaultConfigurationName = Release;
		};
/* End XCConfigurationList section */

/* Begin XCRemoteSwiftPackageReference section */
		A32D1FA62706E6DD00D185F9 /* XCRemoteSwiftPackageReference "SnapKit" */ = {
			isa = XCRemoteSwiftPackageReference;
			repositoryURL = "https://github.com/SnapKit/SnapKit.git";
			requirement = {
				kind = upToNextMajorVersion;
				minimumVersion = 5.0.1;
			};
		};
		A342D01826FD2FB500BF5B4E /* XCRemoteSwiftPackageReference "FSCalendar" */ = {
			isa = XCRemoteSwiftPackageReference;
			repositoryURL = "https://github.com/WenchaoD/FSCalendar.git";
			requirement = {
				kind = versionRange;
				maximumVersion = 3.0.0;
				minimumVersion = 2.8.2;
			};
		};
		A350CA6C27059473009BC719 /* XCRemoteSwiftPackageReference "realm-cocoa" */ = {
			isa = XCRemoteSwiftPackageReference;
			repositoryURL = "https://github.com/realm/realm-cocoa.git";
			requirement = {
				kind = upToNextMajorVersion;
				minimumVersion = 10.12.0;
			};
		};
/* End XCRemoteSwiftPackageReference section */

/* Begin XCSwiftPackageProductDependency section */
		A32D1FA72706E6DD00D185F9 /* SnapKit */ = {
			isa = XCSwiftPackageProductDependency;
			package = A32D1FA62706E6DD00D185F9 /* XCRemoteSwiftPackageReference "SnapKit" */;
			productName = SnapKit;
		};
		A342D01926FD2FB500BF5B4E /* FSCalendar */ = {
			isa = XCSwiftPackageProductDependency;
			package = A342D01826FD2FB500BF5B4E /* XCRemoteSwiftPackageReference "FSCalendar" */;
			productName = FSCalendar;
		};
		A350CA6D27059473009BC719 /* Realm */ = {
			isa = XCSwiftPackageProductDependency;
			package = A350CA6C27059473009BC719 /* XCRemoteSwiftPackageReference "realm-cocoa" */;
			productName = Realm;
		};
		A350CA6F27059473009BC719 /* RealmSwift */ = {
			isa = XCSwiftPackageProductDependency;
			package = A350CA6C27059473009BC719 /* XCRemoteSwiftPackageReference "realm-cocoa" */;
			productName = RealmSwift;
		};
/* End XCSwiftPackageProductDependency section */
	};
	rootObject = A33B645226FD02540074656B /* Project object */;
}
